// !$*UTF8*$!
{
	archiveVersion = 1;
	classes = {
	};
	objectVersion = 46;
	objects = {

/* Begin PBXBuildFile section */
		EB27A8EC1CF06FED007A34D2 /* AppDelegate.swift in Sources */ = {isa = PBXBuildFile; fileRef = EB27A8EB1CF06FED007A34D2 /* AppDelegate.swift */; };
		EB27A8EE1CF06FED007A34D2 /* ViewController.swift in Sources */ = {isa = PBXBuildFile; fileRef = EB27A8ED1CF06FED007A34D2 /* ViewController.swift */; };
		EB27A8F11CF06FED007A34D2 /* Main.storyboard in Resources */ = {isa = PBXBuildFile; fileRef = EB27A8EF1CF06FED007A34D2 /* Main.storyboard */; };
		EB27A8F31CF06FED007A34D2 /* Assets.xcassets in Resources */ = {isa = PBXBuildFile; fileRef = EB27A8F21CF06FED007A34D2 /* Assets.xcassets */; };
		EB27A8F61CF06FED007A34D2 /* LaunchScreen.storyboard in Resources */ = {isa = PBXBuildFile; fileRef = EB27A8F41CF06FED007A34D2 /* LaunchScreen.storyboard */; };
/* End PBXBuildFile section */

/* Begin PBXFileReference section */
		EB27A8E81CF06FED007A34D2 /* SuperCool.app */ = {isa = PBXFileReference; explicitFileType = wrapper.application; includeInIndex = 0; path = SuperCool.app; sourceTree = BUILT_PRODUCTS_DIR; };
		EB27A8EB1CF06FED007A34D2 /* AppDelegate.swift */ = {isa = PBXFileReference; lastKnownFileType = sourcecode.swift; path = AppDelegate.swift; sourceTree = "<group>"; };
		EB27A8ED1CF06FED007A34D2 /* ViewController.swift */ = {isa = PBXFileReference; lastKnownFileType = sourcecode.swift; path = ViewController.swift; sourceTree = "<group>"; };
		EB27A8F01CF06FED007A34D2 /* Base */ = {isa = PBXFileReference; lastKnownFileType = file.storyboard; name = Base; path = Base.lproj/Main.storyboard; sourceTree = "<group>"; };
		EB27A8F21CF06FED007A34D2 /* Assets.xcassets */ = {isa = PBXFileReference; lastKnownFileType = folder.assetcatalog; path = Assets.xcassets; sourceTree = "<group>"; };
		EB27A8F51CF06FED007A34D2 /* Base */ = {isa = PBXFileReference; lastKnownFileType = file.storyboard; name = Base; path = Base.lproj/LaunchScreen.storyboard; sourceTree = "<group>"; };
		EB27A8F71CF06FED007A34D2 /* Info.plist */ = {isa = PBXFileReference; lastKnownFileType = text.plist.xml; path = Info.plist; sourceTree = "<group>"; };
/* End PBXFileReference section */

/* Begin PBXFrameworksBuildPhase section */
		EB27A8E51CF06FED007A34D2 /* Frameworks */ = {
			isa = PBXFrameworksBuildPhase;
			buildActionMask = 2147483647;
			files = (
			);
			runOnlyForDeploymentPostprocessing = 0;
		};
/* End PBXFrameworksBuildPhase section */

/* Begin PBXGroup section */
		EB27A8DF1CF06FED007A34D2 = {
			isa = PBXGroup;
			children = (
				EB27A8EA1CF06FED007A34D2 /* SuperCool */,
				EB27A8E91CF06FED007A34D2 /* Products */,
			);
			sourceTree = "<group>";
		};
		EB27A8E91CF06FED007A34D2 /* Products */ = {
			isa = PBXGroup;
			children = (
				EB27A8E81CF06FED007A34D2 /* SuperCool.app */,
			);
			name = Products;
			sourceTree = "<group>";
		};
		EB27A8EA1CF06FED007A34D2 /* SuperCool */ = {
			isa = PBXGroup;
			children = (
				EB27A8EB1CF06FED007A34D2 /* AppDelegate.swift */,
				EB27A8ED1CF06FED007A34D2 /* ViewController.swift */,
				EB27A8EF1CF06FED007A34D2 /* Main.storyboard */,
				EB27A8F21CF06FED007A34D2 /* Assets.xcassets */,
				EB27A8F41CF06FED007A34D2 /* LaunchScreen.storyboard */,
				EB27A8F71CF06FED007A34D2 /* Info.plist */,
			);
			path = SuperCool;
			sourceTree = "<group>";
		};
/* End PBXGroup section */

/* Begin PBXNativeTarget section */
		EB27A8E71CF06FED007A34D2 /* SuperCool */ = {
			isa = PBXNativeTarget;
			buildConfigurationList = EB27A8FA1CF06FED007A34D2 /* Build configuration list for PBXNativeTarget "SuperCool" */;
			buildPhases = (
				EB27A8E41CF06FED007A34D2 /* Sources */,
				EB27A8E51CF06FED007A34D2 /* Frameworks */,
				EB27A8E61CF06FED007A34D2 /* Resources */,
			);
			buildRules = (
			);
			dependencies = (
			);
			name = SuperCool;
			productName = SuperCool;
			productReference = EB27A8E81CF06FED007A34D2 /* SuperCool.app */;
			productType = "com.apple.product-type.application";
		};
/* End PBXNativeTarget section */

/* Begin PBXProject section */
		EB27A8E01CF06FED007A34D2 /* Project object */ = {
			isa = PBXProject;
			attributes = {
				LastSwiftUpdateCheck = 0730;
				LastUpgradeCheck = 0730;
				ORGANIZATIONNAME = dreamon;
				TargetAttributes = {
					EB27A8E71CF06FED007A34D2 = {
						CreatedOnToolsVersion = 7.3;
					};
				};
			};
			buildConfigurationList = EB27A8E31CF06FED007A34D2 /* Build configuration list for PBXProject "SuperCool" */;
			compatibilityVersion = "Xcode 3.2";
			developmentRegion = English;
			hasScannedForEncodings = 0;
			knownRegions = (
				en,
				Base,
			);
			mainGroup = EB27A8DF1CF06FED007A34D2;
			productRefGroup = EB27A8E91CF06FED007A34D2 /* Products */;
			projectDirPath = "";
			projectRoot = "";
			targets = (
				EB27A8E71CF06FED007A34D2 /* SuperCool */,
			);
		};
/* End PBXProject section */

/* Begin PBXResourcesBuildPhase section */
		EB27A8E61CF06FED007A34D2 /* Resources */ = {
			isa = PBXResourcesBuildPhase;
			buildActionMask = 2147483647;
			files = (
				EB27A8F61CF06FED007A34D2 /* LaunchScreen.storyboard in Resources */,
				EB27A8F31CF06FED007A34D2 /* Assets.xcassets in Resources */,
				EB27A8F11CF06FED007A34D2 /* Main.storyboard in Resources */,
			);
			runOnlyForDeploymentPostprocessing = 0;
		};
/* End PBXResourcesBuildPhase section */

/* Begin PBXSourcesBuildPhase section */
		EB27A8E41CF06FED007A34D2 /* Sources */ = {
			isa = PBXSourcesBuildPhase;
			buildActionMask = 2147483647;
			files = (
				EB27A8EE1CF06FED007A34D2 /* ViewController.swift in Sources */,
				EB27A8EC1CF06FED007A34D2 /* AppDelegate.swift in Sources */,
			);
			runOnlyForDeploymentPostprocessing = 0;
		};
/* End PBXSourcesBuildPhase section */

/* Begin PBXVariantGroup section */
		EB27A8EF1CF06FED007A34D2 /* Main.storyboard */ = {
			isa = PBXVariantGroup;
			children = (
				EB27A8F01CF06FED007A34D2 /* Base */,
			);
			name = Main.storyboard;
			sourceTree = "<group>";
		};
		EB27A8F41CF06FED007A34D2 /* LaunchScreen.storyboard */ = {
			isa = PBXVariantGroup;
			children = (
				EB27A8F51CF06FED007A34D2 /* Base */,
			);
			name = LaunchScreen.storyboard;
			sourceTree = "<group>";
		};
/* End PBXVariantGroup section */

/* Begin XCBuildConfiguration section */
		EB27A8F81CF06FED007A34D2 /* Debug */ = {
			isa = XCBuildConfiguration;
			buildSettings = {
				ALWAYS_SEARCH_USER_PATHS = NO;
				CLANG_ANALYZER_NONNULL = YES;
				CLANG_CXX_LANGUAGE_STANDARD = "gnu++0x";
				CLANG_CXX_LIBRARY = "libc++";
				CLANG_ENABLE_MODULES = YES;
				CLANG_ENABLE_OBJC_ARC = YES;
				CLANG_WARN_BOOL_CONVERSION = YES;
				CLANG_WARN_CONSTANT_CONVERSION = YES;
				CLANG_WARN_DIRECT_OBJC_ISA_USAGE = YES_ERROR;
				CLANG_WARN_EMPTY_BODY = YES;
				CLANG_WARN_ENUM_CONVERSION = YES;
				CLANG_WARN_INT_CONVERSION = YES;
				CLANG_WARN_OBJC_ROOT_CLASS = YES_ERROR;
				CLANG_WARN_UNREACHABLE_CODE = YES;
				CLANG_WARN__DUPLICATE_METHOD_MATCH = YES;
				"CODE_SIGN_IDENTITY[sdk=iphoneos*]" = "iPhone Developer";
				COPY_PHASE_STRIP = NO;
				DEBUG_INFORMATION_FORMAT = dwarf;
				ENABLE_STRICT_OBJC_MSGSEND = YES;
				ENABLE_TESTABILITY = YES;
				GCC_C_LANGUAGE_STANDARD = gnu99;
				GCC_DYNAMIC_NO_PIC = NO;
				GCC_NO_COMMON_BLOCKS = YES;
				GCC_OPTIMIZATION_LEVEL = 0;
				GCC_PREPROCESSOR_DEFINITIONS = (
					"DEBUG=1",
					"$(inherited)",
				);
				GCC_WARN_64_TO_32_BIT_CONVERSION = YES;
				GCC_WARN_ABOUT_RETURN_TYPE = YES_ERROR;
				GCC_WARN_UNDECLARED_SELECTOR = YES;
				GCC_WARN_UNINITIALIZED_AUTOS = YES_AGGRESSIVE;
				GCC_WARN_UNUSED_FUNCTION = YES;
				GCC_WARN_UNUSED_VARIABLE = YES;
				IPHONEOS_DEPLOYMENT_TARGET = 9.3;
				MTL_ENABLE_DEBUG_INFO = YES;
				ONLY_ACTIVE_ARCH = YES;
				SDKROOT = iphoneos;
				SWIFT_OPTIMIZATION_LEVEL = "-Onone";
			};
			name = Debug;
		};
		EB27A8F91CF06FED007A34D2 /* Release */ = {
			isa = XCBuildConfiguration;
			buildSettings = {
				ALWAYS_SEARCH_USER_PATHS = NO;
				CLANG_ANALYZER_NONNULL = YES;
				CLANG_CXX_LANGUAGE_STANDARD = "gnu++0x";
				CLANG_CXX_LIBRARY = "libc++";
				CLANG_ENABLE_MODULES = YES;
				CLANG_ENABLE_OBJC_ARC = YES;
				CLANG_WARN_BOOL_CONVERSION = YES;
				CLANG_WARN_CONSTANT_CONVERSION = YES;
				CLANG_WARN_DIRECT_OBJC_ISA_USAGE = YES_ERROR;
				CLANG_WARN_EMPTY_BODY = YES;
				CLANG_WARN_ENUM_CONVERSION = YES;
				CLANG_WARN_INT_CONVERSION = YES;
				CLANG_WARN_OBJC_ROOT_CLASS = YES_ERROR;
				CLANG_WARN_UNREACHABLE_CODE = YES;
				CLANG_WARN__DUPLICATE_METHOD_MATCH = YES;
				"CODE_SIGN_IDENTITY[sdk=iphoneos*]" = "iPhone Developer";
				COPY_PHASE_STRIP = NO;
				DEBUG_INFORMATION_FORMAT = "dwarf-with-dsym";
				ENABLE_NS_ASSERTIONS = NO;
				ENABLE_STRICT_OBJC_MSGSEND = YES;
				GCC_C_LANGUAGE_STANDARD = gnu99;
				GCC_NO_COMMON_BLOCKS = YES;
				GCC_WARN_64_TO_32_BIT_CONVERSION = YES;
				GCC_WARN_ABOUT_RETURN_TYPE = YES_ERROR;
				GCC_WARN_UNDECLARED_SELECTOR = YES;
				GCC_WARN_UNINITIALIZED_AUTOS = YES_AGGRESSIVE;
				GCC_WARN_UNUSED_FUNCTION = YES;
				GCC_WARN_UNUSED_VARIABLE = YES;
				IPHONEOS_DEPLOYMENT_TARGET = 9.3;
				MTL_ENABLE_DEBUG_INFO = NO;
				SDKROOT = iphoneos;
				VALIDATE_PRODUCT = YES;
			};
			name = Release;
		};
		EB27A8FB1CF06FED007A34D2 /* Debug */ = {
			isa = XCBuildConfiguration;
			buildSettings = {
				ASSETCATALOG_COMPILER_APPICON_NAME = AppIcon;
				INFOPLIST_FILE = SuperCool/Info.plist;
				LD_RUNPATH_SEARCH_PATHS = "$(inherited) @executable_path/Frameworks";
				PRODUCT_BUNDLE_IDENTIFIER = com.dreamon.SuperCool;
				PRODUCT_NAME = "$(TARGET_NAME)";
				TARGETED_DEVICE_FAMILY = 1;
			};
			name = Debug;
		};
		EB27A8FC1CF06FED007A34D2 /* Release */ = {
			isa = XCBuildConfiguration;
			buildSettings = {
				ASSETCATALOG_COMPILER_APPICON_NAME = AppIcon;
				INFOPLIST_FILE = SuperCool/Info.plist;
				LD_RUNPATH_SEARCH_PATHS = "$(inherited) @executable_path/Frameworks";
				PRODUCT_BUNDLE_IDENTIFIER = com.dreamon.SuperCool;
				PRODUCT_NAME = "$(TARGET_NAME)";
				TARGETED_DEVICE_FAMILY = 1;
			};
			name = Release;
		};
/* End XCBuildConfiguration section */

/* Begin XCConfigurationList section */
		EB27A8E31CF06FED007A34D2 /* Build configuration list for PBXProject "SuperCool" */ = {
			isa = XCConfigurationList;
			buildConfigurations = (
				EB27A8F81CF06FED007A34D2 /* Debug */,
				EB27A8F91CF06FED007A34D2 /* Release */,
			);
			defaultConfigurationIsVisible = 0;
			defaultConfigurationName = Release;
		};
		EB27A8FA1CF06FED007A34D2 /* Build configuration list for PBXNativeTarget "SuperCool" */ = {
			isa = XCConfigurationList;
			buildConfigurations = (
				EB27A8FB1CF06FED007A34D2 /* Debug */,
				EB27A8FC1CF06FED007A34D2 /* Release */,
			);
			defaultConfigurationIsVisible = 0;
		};
/* End XCConfigurationList section */
	};
	rootObject = EB27A8E01CF06FED007A34D2 /* Project object */;
}
